{
  "originHash" : "eb1cf805fd2c96abca081b16ec3ea6a3a67522d8f764807a89b9a247a8872b8d",
  "pins" : [
    {
      "identity" : "keyboardshortcuts",
      "kind" : "remoteSourceControl",
      "location" : "https://github.com/sindresorhus/KeyboardShortcuts",
      "state" : {
        "revision" : "772133d9dbe800fdac0473226822994c5c162c58",
        "version" : "3.1.0"
      }
    }
  ],
  "version" : 3
}
